# GENERATED FILE - DO NOT EDIT DIRECTLY
schema_version: 1

bundle:
  version: "0.1.0-dev"
  release_sequence: 0
  channel: "development"
  source_commit: "657577c5bb7a99217855834f9429f089afcb2082"
  digest: "sha256:ffdae1fe0904b20cf12a741df8b5cdb7c5ddd4e5997874c8a23e1ee9f5c75deb"

projection:
  input_digest: "sha256:d84b9e499b4dfd60637ca3a8c6c41404f046b5b7a878613b4d60641f7425370a"
  output_digest: "sha256:b00f35d601b54e5689c170334555e25a57414e855a9d426ada18511434259a85"
  files:
    - path: ".claude/CLAUDE.md"
      digest: "sha256:7b50d15feae7b63b94d845b2fa6e19e3220527c5b0cac69303b7fc19bd7484a8"
    - path: ".gds/compiled-policy.json"
      digest: "sha256:09e268e6a33a60f6be2b1a664d8977db36b5d3a1fb2d93cf3137ec18f3b89810"
    - path: "AGENTS.md"
      digest: "sha256:37a41633f771e7a95804071538e67836c47c36a142237a2fb8097297b34113d8"
